
Microsoft Visual Studio Solution File, Format Version 12.00
# Visual Studio Version 16
VisualStudioVersion = 16.0.30523.141
MinimumVisualStudioVersion = 10.0.40219.1
Project("{FAE04EC0-301F-11D3-BF4B-00C04F79EFBC}") = "GiulioSmedile_Simulation", "!Final Simulation\GiulioSmedile_Simulation.csproj", "{ABC68EF5-6431-4B9E-85D9-78EF568879EE}"
EndProject
Global
	GlobalSection(SolutionConfigurationPlatforms) = preSolution
		Debug|Any CPU = Debug|Any CPU
		Release|Any CPU = Release|Any CPU
	EndGlobalSection
	GlobalSection(ProjectConfigurationPlatforms) = postSolution
		{ABC68EF5-6431-4B9E-85D9-78EF568879EE}.Debug|Any CPU.ActiveCfg = Debug|Any CPU
		{ABC68EF5-6431-4B9E-85D9-78EF568879EE}.Debug|Any CPU.Build.0 = Debug|Any CPU
		{ABC68EF5-6431-4B9E-85D9-78EF568879EE}.Release|Any CPU.ActiveCfg = Release|Any CPU
		{ABC68EF5-6431-4B9E-85D9-78EF568879EE}.Release|Any CPU.Build.0 = Release|Any CPU
	EndGlobalSection
	GlobalSection(SolutionProperties) = preSolution
		HideSolutionNode = FALSE
	EndGlobalSection
	GlobalSection(ExtensibilityGlobals) = postSolution
		SolutionGuid = {FEBFC61E-752C-4755-9026-8D140BACD004}
	EndGlobalSection
EndGlobal
